// !$*UTF8*$!
{
	archiveVersion = 1;
	classes = {
	};
	objectVersion = 50;
	objects = {

/* Begin PBXBuildFile section */
		60A4E91324D0144700C41246 /* AppDelegate.swift in Sources */ = {isa = PBXBuildFile; fileRef = 60A4E91224D0144700C41246 /* AppDelegate.swift */; };
		60A4E91524D0144700C41246 /* SceneDelegate.swift in Sources */ = {isa = PBXBuildFile; fileRef = 60A4E91424D0144700C41246 /* SceneDelegate.swift */; };
		60A4E91724D0144700C41246 /* ViewController.swift in Sources */ = {isa = PBXBuildFile; fileRef = 60A4E91624D0144700C41246 /* ViewController.swift */; };
		60A4E91A24D0144700C41246 /* Main.storyboard in Resources */ = {isa = PBXBuildFile; fileRef = 60A4E91824D0144700C41246 /* Main.storyboard */; };
		60A4E91C24D0144800C41246 /* Assets.xcassets in Resources */ = {isa = PBXBuildFile; fileRef = 60A4E91B24D0144800C41246 /* Assets.xcassets */; };
		60A4E91F24D0144800C41246 /* LaunchScreen.storyboard in Resources */ = {isa = PBXBuildFile; fileRef = 60A4E91D24D0144800C41246 /* LaunchScreen.storyboard */; };
		60A4E92A24D0144800C41246 /* SwiftDispatchTests.swift in Sources */ = {isa = PBXBuildFile; fileRef = 60A4E92924D0144800C41246 /* SwiftDispatchTests.swift */; };
		60A4E93524D0144900C41246 /* SwiftDispatchUITests.swift in Sources */ = {isa = PBXBuildFile; fileRef = 60A4E93424D0144900C41246 /* SwiftDispatchUITests.swift */; };
		60A4E94324D014F700C41246 /* DispatchViewController.swift in Sources */ = {isa = PBXBuildFile; fileRef = 60A4E94224D014F700C41246 /* DispatchViewController.swift */; };
/* End PBXBuildFile section */

/* Begin PBXContainerItemProxy section */
		60A4E92624D0144800C41246 /* PBXContainerItemProxy */ = {
			isa = PBXContainerItemProxy;
			containerPortal = 60A4E90724D0144700C41246 /* Project object */;
			proxyType = 1;
			remoteGlobalIDString = 60A4E90E24D0144700C41246;
			remoteInfo = SwiftDispatch;
		};
		60A4E93124D0144900C41246 /* PBXContainerItemProxy */ = {
			isa = PBXContainerItemProxy;
			containerPortal = 60A4E90724D0144700C41246 /* Project object */;
			proxyType = 1;
			remoteGlobalIDString = 60A4E90E24D0144700C41246;
			remoteInfo = SwiftDispatch;
		};
/* End PBXContainerItemProxy section */

/* Begin PBXFileReference section */
		60A4E90F24D0144700C41246 /* SwiftDispatch.app */ = {isa = PBXFileReference; explicitFileType = wrapper.application; includeInIndex = 0; path = SwiftDispatch.app; sourceTree = BUILT_PRODUCTS_DIR; };
		60A4E91224D0144700C41246 /* AppDelegate.swift */ = {isa = PBXFileReference; lastKnownFileType = sourcecode.swift; path = AppDelegate.swift; sourceTree = "<group>"; };
		60A4E91424D0144700C41246 /* SceneDelegate.swift */ = {isa = PBXFileReference; lastKnownFileType = sourcecode.swift; path = SceneDelegate.swift; sourceTree = "<group>"; };
		60A4E91624D0144700C41246 /* ViewController.swift */ = {isa = PBXFileReference; lastKnownFileType = sourcecode.swift; path = ViewController.swift; sourceTree = "<group>"; };
		60A4E91924D0144700C41246 /* Base */ = {isa = PBXFileReference; lastKnownFileType = file.storyboard; name = Base; path = Base.lproj/Main.storyboard; sourceTree = "<group>"; };
		60A4E91B24D0144800C41246 /* Assets.xcassets */ = {isa = PBXFileReference; lastKnownFileType = folder.assetcatalog; path = Assets.xcassets; sourceTree = "<group>"; };
		60A4E91E24D0144800C41246 /* Base */ = {isa = PBXFileReference; lastKnownFileType = file.storyboard; name = Base; path = Base.lproj/LaunchScreen.storyboard; sourceTree = "<group>"; };
		60A4E92024D0144800C41246 /* Info.plist */ = {isa = PBXFileReference; lastKnownFileType = text.plist.xml; path = Info.plist; sourceTree = "<group>"; };
		60A4E92524D0144800C41246 /* SwiftDispatchTests.xctest */ = {isa = PBXFileReference; explicitFileType = wrapper.cfbundle; includeInIndex = 0; path = SwiftDispatchTests.xctest; sourceTree = BUILT_PRODUCTS_DIR; };
		60A4E92924D0144800C41246 /* SwiftDispatchTests.swift */ = {isa = PBXFileReference; lastKnownFileType = sourcecode.swift; path = SwiftDispatchTests.swift; sourceTree = "<group>"; };
		60A4E92B24D0144800C41246 /* Info.plist */ = {isa = PBXFileReference; lastKnownFileType = text.plist.xml; path = Info.plist; sourceTree = "<group>"; };
		60A4E93024D0144900C41246 /* SwiftDispatchUITests.xctest */ = {isa = PBXFileReference; explicitFileType = wrapper.cfbundle; includeInIndex = 0; path = SwiftDispatchUITests.xctest; sourceTree = BUILT_PRODUCTS_DIR; };
		60A4E93424D0144900C41246 /* SwiftDispatchUITests.swift */ = {isa = PBXFileReference; lastKnownFileType = sourcecode.swift; path = SwiftDispatchUITests.swift; sourceTree = "<group>"; };
		60A4E93624D0144900C41246 /* Info.plist */ = {isa = PBXFileReference; lastKnownFileType = text.plist.xml; path = Info.plist; sourceTree = "<group>"; };
		60A4E94224D014F700C41246 /* DispatchViewController.swift */ = {isa = PBXFileReference; lastKnownFileType = sourcecode.swift; path = DispatchViewController.swift; sourceTree = "<group>"; };
/* End PBXFileReference section */

/* Begin PBXFrameworksBuildPhase section */
		60A4E90C24D0144700C41246 /* Frameworks */ = {
			isa = PBXFrameworksBuildPhase;
			buildActionMask = 2147483647;
			files = (
			);
			runOnlyForDeploymentPostprocessing = 0;
		};
		60A4E92224D0144800C41246 /* Frameworks */ = {
			isa = PBXFrameworksBuildPhase;
			buildActionMask = 2147483647;
			files = (
			);
			runOnlyForDeploymentPostprocessing = 0;
		};
		60A4E92D24D0144900C41246 /* Frameworks */ = {
			isa = PBXFrameworksBuildPhase;
			buildActionMask = 2147483647;
			files = (
			);
			runOnlyForDeploymentPostprocessing = 0;
		};
/* End PBXFrameworksBuildPhase section */

/* Begin PBXGroup section */
		60A4E90624D0144700C41246 = {
			isa = PBXGroup;
			children = (
				60A4E91124D0144700C41246 /* SwiftDispatch */,
				60A4E92824D0144800C41246 /* SwiftDispatchTests */,
				60A4E93324D0144900C41246 /* SwiftDispatchUITests */,
				60A4E91024D0144700C41246 /* Products */,
			);
			sourceTree = "<group>";
		};
		60A4E91024D0144700C41246 /* Products */ = {
			isa = PBXGroup;
			children = (
				60A4E90F24D0144700C41246 /* SwiftDispatch.app */,
				60A4E92524D0144800C41246 /* SwiftDispatchTests.xctest */,
				60A4E93024D0144900C41246 /* SwiftDispatchUITests.xctest */,
			);
			name = Products;
			sourceTree = "<group>";
		};
		60A4E91124D0144700C41246 /* SwiftDispatch */ = {
			isa = PBXGroup;
			children = (
				60A4E91224D0144700C41246 /* AppDelegate.swift */,
				60A4E91424D0144700C41246 /* SceneDelegate.swift */,
				60A4E91624D0144700C41246 /* ViewController.swift */,
				60A4E91824D0144700C41246 /* Main.storyboard */,
				60A4E91B24D0144800C41246 /* Assets.xcassets */,
				60A4E91D24D0144800C41246 /* LaunchScreen.storyboard */,
				60A4E92024D0144800C41246 /* Info.plist */,
				60A4E94224D014F700C41246 /* DispatchViewController.swift */,
			);
			path = SwiftDispatch;
			sourceTree = "<group>";
		};
		60A4E92824D0144800C41246 /* SwiftDispatchTests */ = {
			isa = PBXGroup;
			children = (
				60A4E92924D0144800C41246 /* SwiftDispatchTests.swift */,
				60A4E92B24D0144800C41246 /* Info.plist */,
			);
			path = SwiftDispatchTests;
			sourceTree = "<group>";
		};
		60A4E93324D0144900C41246 /* SwiftDispatchUITests */ = {
			isa = PBXGroup;
			children = (
				60A4E93424D0144900C41246 /* SwiftDispatchUITests.swift */,
				60A4E93624D0144900C41246 /* Info.plist */,
			);
			path = SwiftDispatchUITests;
			sourceTree = "<group>";
		};
/* End PBXGroup section */

/* Begin PBXNativeTarget section */
		60A4E90E24D0144700C41246 /* SwiftDispatch */ = {
			isa = PBXNativeTarget;
			buildConfigurationList = 60A4E93924D0144900C41246 /* Build configuration list for PBXNativeTarget "SwiftDispatch" */;
			buildPhases = (
				60A4E90B24D0144700C41246 /* Sources */,
				60A4E90C24D0144700C41246 /* Frameworks */,
				60A4E90D24D0144700C41246 /* Resources */,
			);
			buildRules = (
			);
			dependencies = (
			);
			name = SwiftDispatch;
			productName = SwiftDispatch;
			productReference = 60A4E90F24D0144700C41246 /* SwiftDispatch.app */;
			productType = "com.apple.product-type.application";
		};
		60A4E92424D0144800C41246 /* SwiftDispatchTests */ = {
			isa = PBXNativeTarget;
			buildConfigurationList = 60A4E93C24D0144900C41246 /* Build configuration list for PBXNativeTarget "SwiftDispatchTests" */;
			buildPhases = (
				60A4E92124D0144800C41246 /* Sources */,
				60A4E92224D0144800C41246 /* Frameworks */,
				60A4E92324D0144800C41246 /* Resources */,
			);
			buildRules = (
			);
			dependencies = (
				60A4E92724D0144800C41246 /* PBXTargetDependency */,
			);
			name = SwiftDispatchTests;
			productName = SwiftDispatchTests;
			productReference = 60A4E92524D0144800C41246 /* SwiftDispatchTests.xctest */;
			productType = "com.apple.product-type.bundle.unit-test";
		};
		60A4E92F24D0144900C41246 /* SwiftDispatchUITests */ = {
			isa = PBXNativeTarget;
			buildConfigurationList = 60A4E93F24D0144900C41246 /* Build configuration list for PBXNativeTarget "SwiftDispatchUITests" */;
			buildPhases = (
				60A4E92C24D0144900C41246 /* Sources */,
				60A4E92D24D0144900C41246 /* Frameworks */,
				60A4E92E24D0144900C41246 /* Resources */,
			);
			buildRules = (
			);
			dependencies = (
				60A4E93224D0144900C41246 /* PBXTargetDependency */,
			);
			name = SwiftDispatchUITests;
			productName = SwiftDispatchUITests;
			productReference = 60A4E93024D0144900C41246 /* SwiftDispatchUITests.xctest */;
			productType = "com.apple.product-type.bundle.ui-testing";
		};
/* End PBXNativeTarget section */

/* Begin PBXProject section */
		60A4E90724D0144700C41246 /* Project object */ = {
			isa = PBXProject;
			attributes = {
				LastSwiftUpdateCheck = 1130;
				LastUpgradeCheck = 1130;
				ORGANIZATIONNAME = xjjd;
				TargetAttributes = {
					60A4E90E24D0144700C41246 = {
						CreatedOnToolsVersion = 11.3;
					};
					60A4E92424D0144800C41246 = {
						CreatedOnToolsVersion = 11.3;
						TestTargetID = 60A4E90E24D0144700C41246;
					};
					60A4E92F24D0144900C41246 = {
						CreatedOnToolsVersion = 11.3;
						TestTargetID = 60A4E90E24D0144700C41246;
					};
				};
			};
			buildConfigurationList = 60A4E90A24D0144700C41246 /* Build configuration list for PBXProject "SwiftDispatch" */;
			compatibilityVersion = "Xcode 9.3";
			developmentRegion = en;
			hasScannedForEncodings = 0;
			knownRegions = (
				en,
				Base,
			);
			mainGroup = 60A4E90624D0144700C41246;
			productRefGroup = 60A4E91024D0144700C41246 /* Products */;
			projectDirPath = "";
			projectRoot = "";
			targets = (
				60A4E90E24D0144700C41246 /* SwiftDispatch */,
				60A4E92424D0144800C41246 /* SwiftDispatchTests */,
				60A4E92F24D0144900C41246 /* SwiftDispatchUITests */,
			);
		};
/* End PBXProject section */

/* Begin PBXResourcesBuildPhase section */
		60A4E90D24D0144700C41246 /* Resources */ = {
			isa = PBXResourcesBuildPhase;
			buildActionMask = 2147483647;
			files = (
				60A4E91F24D0144800C41246 /* LaunchScreen.storyboard in Resources */,
				60A4E91C24D0144800C41246 /* Assets.xcassets in Resources */,
				60A4E91A24D0144700C41246 /* Main.storyboard in Resources */,
			);
			runOnlyForDeploymentPostprocessing = 0;
		};
		60A4E92324D0144800C41246 /* Resources */ = {
			isa = PBXResourcesBuildPhase;
			buildActionMask = 2147483647;
			files = (
			);
			runOnlyForDeploymentPostprocessing = 0;
		};
		60A4E92E24D0144900C41246 /* Resources */ = {
			isa = PBXResourcesBuildPhase;
			buildActionMask = 2147483647;
			files = (
			);
			runOnlyForDeploymentPostprocessing = 0;
		};
/* End PBXResourcesBuildPhase section */

/* Begin PBXSourcesBuildPhase section */
		60A4E90B24D0144700C41246 /* Sources */ = {
			isa = PBXSourcesBuildPhase;
			buildActionMask = 2147483647;
			files = (
				60A4E91724D0144700C41246 /* ViewController.swift in Sources */,
				60A4E91324D0144700C41246 /* AppDelegate.swift in Sources */,
				60A4E94324D014F700C41246 /* DispatchViewController.swift in Sources */,
				60A4E91524D0144700C41246 /* SceneDelegate.swift in Sources */,
			);
			runOnlyForDeploymentPostprocessing = 0;
		};
		60A4E92124D0144800C41246 /* Sources */ = {
			isa = PBXSourcesBuildPhase;
			buildActionMask = 2147483647;
			files = (
				60A4E92A24D0144800C41246 /* SwiftDispatchTests.swift in Sources */,
			);
			runOnlyForDeploymentPostprocessing = 0;
		};
		60A4E92C24D0144900C41246 /* Sources */ = {
			isa = PBXSourcesBuildPhase;
			buildActionMask = 2147483647;
			files = (
				60A4E93524D0144900C41246 /* SwiftDispatchUITests.swift in Sources */,
			);
			runOnlyForDeploymentPostprocessing = 0;
		};
/* End PBXSourcesBuildPhase section */

/* Begin PBXTargetDependency section */
		60A4E92724D0144800C41246 /* PBXTargetDependency */ = {
			isa = PBXTargetDependency;
			target = 60A4E90E24D0144700C41246 /* SwiftDispatch */;
			targetProxy = 60A4E92624D0144800C41246 /* PBXContainerItemProxy */;
		};
		60A4E93224D0144900C41246 /* PBXTargetDependency */ = {
			isa = PBXTargetDependency;
			target = 60A4E90E24D0144700C41246 /* SwiftDispatch */;
			targetProxy = 60A4E93124D0144900C41246 /* PBXContainerItemProxy */;
		};
/* End PBXTargetDependency section */

/* Begin PBXVariantGroup section */
		60A4E91824D0144700C41246 /* Main.storyboard */ = {
			isa = PBXVariantGroup;
			children = (
				60A4E91924D0144700C41246 /* Base */,
			);
			name = Main.storyboard;
			sourceTree = "<group>";
		};
		60A4E91D24D0144800C41246 /* LaunchScreen.storyboard */ = {
			isa = PBXVariantGroup;
			children = (
				60A4E91E24D0144800C41246 /* Base */,
			);
			name = LaunchScreen.storyboard;
			sourceTree = "<group>";
		};
/* End PBXVariantGroup section */

/* Begin XCBuildConfiguration section */
		60A4E93724D0144900C41246 /* Debug */ = {
			isa = XCBuildConfiguration;
			buildSettings = {
				ALWAYS_SEARCH_USER_PATHS = NO;
				CLANG_ANALYZER_NONNULL = YES;
				CLANG_ANALYZER_NUMBER_OBJECT_CONVERSION = YES_AGGRESSIVE;
				CLANG_CXX_LANGUAGE_STANDARD = "gnu++14";
				CLANG_CXX_LIBRARY = "libc++";
				CLANG_ENABLE_MODULES = YES;
				CLANG_ENABLE_OBJC_ARC = YES;
				CLANG_ENABLE_OBJC_WEAK = YES;
				CLANG_WARN_BLOCK_CAPTURE_AUTORELEASING = YES;
				CLANG_WARN_BOOL_CONVERSION = YES;
				CLANG_WARN_COMMA = YES;
				CLANG_WARN_CONSTANT_CONVERSION = YES;
				CLANG_WARN_DEPRECATED_OBJC_IMPLEMENTATIONS = YES;
				CLANG_WARN_DIRECT_OBJC_ISA_USAGE = YES_ERROR;
				CLANG_WARN_DOCUMENTATION_COMMENTS = YES;
				CLANG_WARN_EMPTY_BODY = YES;
				CLANG_WARN_ENUM_CONVERSION = YES;
				CLANG_WARN_INFINITE_RECURSION = YES;
				CLANG_WARN_INT_CONVERSION = YES;
				CLANG_WARN_NON_LITERAL_NULL_CONVERSION = YES;
				CLANG_WARN_OBJC_IMPLICIT_RETAIN_SELF = YES;
				CLANG_WARN_OBJC_LITERAL_CONVERSION = YES;
				CLANG_WARN_OBJC_ROOT_CLASS = YES_ERROR;
				CLANG_WARN_RANGE_LOOP_ANALYSIS = YES;
				CLANG_WARN_STRICT_PROTOTYPES = YES;
				CLANG_WARN_SUSPICIOUS_MOVE = YES;
				CLANG_WARN_UNGUARDED_AVAILABILITY = YES_AGGRESSIVE;
				CLANG_WARN_UNREACHABLE_CODE = YES;
				CLANG_WARN__DUPLICATE_METHOD_MATCH = YES;
				COPY_PHASE_STRIP = NO;
				DEBUG_INFORMATION_FORMAT = dwarf;
				ENABLE_STRICT_OBJC_MSGSEND = YES;
				ENABLE_TESTABILITY = YES;
				GCC_C_LANGUAGE_STANDARD = gnu11;
				GCC_DYNAMIC_NO_PIC = NO;
				GCC_NO_COMMON_BLOCKS = YES;
				GCC_OPTIMIZATION_LEVEL = 0;
				GCC_PREPROCESSOR_DEFINITIONS = (
					"DEBUG=1",
					"$(inherited)",
				);
				GCC_WARN_64_TO_32_BIT_CONVERSION = YES;
				GCC_WARN_ABOUT_RETURN_TYPE = YES_ERROR;
				GCC_WARN_UNDECLARED_SELECTOR = YES;
				GCC_WARN_UNINITIALIZED_AUTOS = YES_AGGRESSIVE;
				GCC_WARN_UNUSED_FUNCTION = YES;
				GCC_WARN_UNUSED_VARIABLE = YES;
				IPHONEOS_DEPLOYMENT_TARGET = 11.0;
				MTL_ENABLE_DEBUG_INFO = INCLUDE_SOURCE;
				MTL_FAST_MATH = YES;
				ONLY_ACTIVE_ARCH = YES;
				SDKROOT = iphoneos;
				SWIFT_ACTIVE_COMPILATION_CONDITIONS = DEBUG;
				SWIFT_OPTIMIZATION_LEVEL = "-Onone";
			};
			name = Debug;
		};
		60A4E93824D0144900C41246 /* Release */ = {
			isa = XCBuildConfiguration;
			buildSettings = {
				ALWAYS_SEARCH_USER_PATHS = NO;
				CLANG_ANALYZER_NONNULL = YES;
				CLANG_ANALYZER_NUMBER_OBJECT_CONVERSION = YES_AGGRESSIVE;
				CLANG_CXX_LANGUAGE_STANDARD = "gnu++14";
				CLANG_CXX_LIBRARY = "libc++";
				CLANG_ENABLE_MODULES = YES;
				CLANG_ENABLE_OBJC_ARC = YES;
				CLANG_ENABLE_OBJC_WEAK = YES;
				CLANG_WARN_BLOCK_CAPTURE_AUTORELEASING = YES;
				CLANG_WARN_BOOL_CONVERSION = YES;
				CLANG_WARN_COMMA = YES;
				CLANG_WARN_CONSTANT_CONVERSION = YES;
				CLANG_WARN_DEPRECATED_OBJC_IMPLEMENTATIONS = YES;
				CLANG_WARN_DIRECT_OBJC_ISA_USAGE = YES_ERROR;
				CLANG_WARN_DOCUMENTATION_COMMENTS = YES;
				CLANG_WARN_EMPTY_BODY = YES;
				CLANG_WARN_ENUM_CONVERSION = YES;
				CLANG_WARN_INFINITE_RECURSION = YES;
				CLANG_WARN_INT_CONVERSION = YES;
				CLANG_WARN_NON_LITERAL_NULL_CONVERSION = YES;
				CLANG_WARN_OBJC_IMPLICIT_RETAIN_SELF = YES;
				CLANG_WARN_OBJC_LITERAL_CONVERSION = YES;
				CLANG_WARN_OBJC_ROOT_CLASS = YES_ERROR;
				CLANG_WARN_RANGE_LOOP_ANALYSIS = YES;
				CLANG_WARN_STRICT_PROTOTYPES = YES;
				CLANG_WARN_SUSPICIOUS_MOVE = YES;
				CLANG_WARN_UNGUARDED_AVAILABILITY = YES_AGGRESSIVE;
				CLANG_WARN_UNREACHABLE_CODE = YES;
				CLANG_WARN__DUPLICATE_METHOD_MATCH = YES;
				COPY_PHASE_STRIP = NO;
				DEBUG_INFORMATION_FORMAT = "dwarf-with-dsym";
				ENABLE_NS_ASSERTIONS = NO;
				ENABLE_STRICT_OBJC_MSGSEND = YES;
				GCC_C_LANGUAGE_STANDARD = gnu11;
				GCC_NO_COMMON_BLOCKS = YES;
				GCC_WARN_64_TO_32_BIT_CONVERSION = YES;
				GCC_WARN_ABOUT_RETURN_TYPE = YES_ERROR;
				GCC_WARN_UNDECLARED_SELECTOR = YES;
				GCC_WARN_UNINITIALIZED_AUTOS = YES_AGGRESSIVE;
				GCC_WARN_UNUSED_FUNCTION = YES;
				GCC_WARN_UNUSED_VARIABLE = YES;
				IPHONEOS_DEPLOYMENT_TARGET = 11.0;
				MTL_ENABLE_DEBUG_INFO = NO;
				MTL_FAST_MATH = YES;
				SDKROOT = iphoneos;
				SWIFT_COMPILATION_MODE = wholemodule;
				SWIFT_OPTIMIZATION_LEVEL = "-O";
				VALIDATE_PRODUCT = YES;
			};
			name = Release;
		};
		60A4E93A24D0144900C41246 /* Debug */ = {
			isa = XCBuildConfiguration;
			buildSettings = {
				ASSETCATALOG_COMPILER_APPICON_NAME = AppIcon;
				CODE_SIGN_STYLE = Automatic;
				DEVELOPMENT_TEAM = Z2S94E29DZ;
				INFOPLIST_FILE = SwiftDispatch/Info.plist;
				LD_RUNPATH_SEARCH_PATHS = (
					"$(inherited)",
					"@executable_path/Frameworks",
				);
				PRODUCT_BUNDLE_IDENTIFIER = Component.SwiftDispatch;
				PRODUCT_NAME = "$(TARGET_NAME)";
				SWIFT_VERSION = 5.0;
				TARGETED_DEVICE_FAMILY = "1,2";
			};
			name = Debug;
		};
		60A4E93B24D0144900C41246 /* Release */ = {
			isa = XCBuildConfiguration;
			buildSettings = {
				ASSETCATALOG_COMPILER_APPICON_NAME = AppIcon;
				CODE_SIGN_STYLE = Automatic;
				DEVELOPMENT_TEAM = Z2S94E29DZ;
				INFOPLIST_FILE = SwiftDispatch/Info.plist;
				LD_RUNPATH_SEARCH_PATHS = (
					"$(inherited)",
					"@executable_path/Frameworks",
				);
				PRODUCT_BUNDLE_IDENTIFIER = Component.SwiftDispatch;
				PRODUCT_NAME = "$(TARGET_NAME)";
				SWIFT_VERSION = 5.0;
				TARGETED_DEVICE_FAMILY = "1,2";
			};
			name = Release;
		};
		60A4E93D24D0144900C41246 /* Debug */ = {
			isa = XCBuildConfiguration;
			buildSettings = {
				ALWAYS_EMBED_SWIFT_STANDARD_LIBRARIES = YES;
				BUNDLE_LOADER = "$(TEST_HOST)";
				CODE_SIGN_STYLE = Automatic;
				DEVELOPMENT_TEAM = Z2S94E29DZ;
				INFOPLIST_FILE = SwiftDispatchTests/Info.plist;
				IPHONEOS_DEPLOYMENT_TARGET = 13.2;
				LD_RUNPATH_SEARCH_PATHS = (
					"$(inherited)",
					"@executable_path/Frameworks",
					"@loader_path/Frameworks",
				);
				PRODUCT_BUNDLE_IDENTIFIER = Component.SwiftDispatchTests;
				PRODUCT_NAME = "$(TARGET_NAME)";
				SWIFT_VERSION = 5.0;
				TARGETED_DEVICE_FAMILY = "1,2";
				TEST_HOST = "$(BUILT_PRODUCTS_DIR)/SwiftDispatch.app/SwiftDispatch";
			};
			name = Debug;
		};
		60A4E93E24D0144900C41246 /* Release */ = {
			isa = XCBuildConfiguration;
			buildSettings = {
				ALWAYS_EMBED_SWIFT_STANDARD_LIBRARIES = YES;
				BUNDLE_LOADER = "$(TEST_HOST)";
				CODE_SIGN_STYLE = Automatic;
				DEVELOPMENT_TEAM = Z2S94E29DZ;
				INFOPLIST_FILE = SwiftDispatchTests/Info.plist;
				IPHONEOS_DEPLOYMENT_TARGET = 13.2;
				LD_RUNPATH_SEARCH_PATHS = (
					"$(inherited)",
					"@executable_path/Frameworks",
					"@loader_path/Frameworks",
				);
				PRODUCT_BUNDLE_IDENTIFIER = Component.SwiftDispatchTests;
				PRODUCT_NAME = "$(TARGET_NAME)";
				SWIFT_VERSION = 5.0;
				TARGETED_DEVICE_FAMILY = "1,2";
				TEST_HOST = "$(BUILT_PRODUCTS_DIR)/SwiftDispatch.app/SwiftDispatch";
			};
			name = Release;
		};
		60A4E94024D0144900C41246 /* Debug */ = {
			isa = XCBuildConfiguration;
			buildSettings = {
				ALWAYS_EMBED_SWIFT_STANDARD_LIBRARIES = YES;
				CODE_SIGN_STYLE = Automatic;
				DEVELOPMENT_TEAM = Z2S94E29DZ;
				INFOPLIST_FILE = SwiftDispatchUITests/Info.plist;
				LD_RUNPATH_SEARCH_PATHS = (
					"$(inherited)",
					"@executable_path/Frameworks",
					"@loader_path/Frameworks",
				);
				PRODUCT_BUNDLE_IDENTIFIER = Component.SwiftDispatchUITests;
				PRODUCT_NAME = "$(TARGET_NAME)";
				SWIFT_VERSION = 5.0;
				TARGETED_DEVICE_FAMILY = "1,2";
				TEST_TARGET_NAME = SwiftDispatch;
			};
			name = Debug;
		};
		60A4E94124D0144900C41246 /* Release */ = {
			isa = XCBuildConfiguration;
			buildSettings = {
				ALWAYS_EMBED_SWIFT_STANDARD_LIBRARIES = YES;
				CODE_SIGN_STYLE = Automatic;
				DEVELOPMENT_TEAM = Z2S94E29DZ;
				INFOPLIST_FILE = SwiftDispatchUITests/Info.plist;
				LD_RUNPATH_SEARCH_PATHS = (
					"$(inherited)",
					"@executable_path/Frameworks",
					"@loader_path/Frameworks",
				);
				PRODUCT_BUNDLE_IDENTIFIER = Component.SwiftDispatchUITests;
				PRODUCT_NAME = "$(TARGET_NAME)";
				SWIFT_VERSION = 5.0;
				TARGETED_DEVICE_FAMILY = "1,2";
				TEST_TARGET_NAME = SwiftDispatch;
			};
			name = Release;
		};
/* End XCBuildConfiguration section */

/* Begin XCConfigurationList section */
		60A4E90A24D0144700C41246 /* Build configuration list for PBXProject "SwiftDispatch" */ = {
			isa = XCConfigurationList;
			buildConfigurations = (
				60A4E93724D0144900C41246 /* Debug */,
				60A4E93824D0144900C41246 /* Release */,
			);
			defaultConfigurationIsVisible = 0;
			defaultConfigurationName = Release;
		};
		60A4E93924D0144900C41246 /* Build configuration list for PBXNativeTarget "SwiftDispatch" */ = {
			isa = XCConfigurationList;
			buildConfigurations = (
				60A4E93A24D0144900C41246 /* Debug */,
				60A4E93B24D0144900C41246 /* Release */,
			);
			defaultConfigurationIsVisible = 0;
			defaultConfigurationName = Release;
		};
		60A4E93C24D0144900C41246 /* Build configuration list for PBXNativeTarget "SwiftDispatchTests" */ = {
			isa = XCConfigurationList;
			buildConfigurations = (
				60A4E93D24D0144900C41246 /* Debug */,
				60A4E93E24D0144900C41246 /* Release */,
			);
			defaultConfigurationIsVisible = 0;
			defaultConfigurationName = Release;
		};
		60A4E93F24D0144900C41246 /* Build configuration list for PBXNativeTarget "SwiftDispatchUITests" */ = {
			isa = XCConfigurationList;
			buildConfigurations = (
				60A4E94024D0144900C41246 /* Debug */,
				60A4E94124D0144900C41246 /* Release */,
			);
			defaultConfigurationIsVisible = 0;
			defaultConfigurationName = Release;
		};
/* End XCConfigurationList section */
	};
	rootObject = 60A4E90724D0144700C41246 /* Project object */;
}
